
Microsoft Visual Studio Solution File, Format Version 12.00
# Visual Studio Version 17
VisualStudioVersion = 17.5.002.0
MinimumVisualStudioVersion = 10.0.40219.1
Project("{9A19103F-16F7-4668-BE54-9A1E7A4F7556}") = "HW_Final_First_Unit", "HW_Final_First_Unit.csproj", "{B1DD814E-005E-411D-8F20-7B47DE33E988}"
EndProject
Global
	GlobalSection(SolutionConfigurationPlatforms) = preSolution
		Debug|Any CPU = Debug|Any CPU
		Release|Any CPU = Release|Any CPU
	EndGlobalSection
	GlobalSection(ProjectConfigurationPlatforms) = postSolution
		{B1DD814E-005E-411D-8F20-7B47DE33E988}.Debug|Any CPU.ActiveCfg = Debug|Any CPU
		{B1DD814E-005E-411D-8F20-7B47DE33E988}.Debug|Any CPU.Build.0 = Debug|Any CPU
		{B1DD814E-005E-411D-8F20-7B47DE33E988}.Release|Any CPU.ActiveCfg = Release|Any CPU
		{B1DD814E-005E-411D-8F20-7B47DE33E988}.Release|Any CPU.Build.0 = Release|Any CPU
	EndGlobalSection
	GlobalSection(SolutionProperties) = preSolution
		HideSolutionNode = FALSE
	EndGlobalSection
	GlobalSection(ExtensibilityGlobals) = postSolution
		SolutionGuid = {22D0253D-8C37-43E2-84E9-8A6BC1B36469}
	EndGlobalSection
EndGlobal
